
Microsoft Visual Studio Solution File, Format Version 12.00
# Visual Studio 15
VisualStudioVersion = 15.0.27004.2010
MinimumVisualStudioVersion = 10.0.40219.1
Project("{FAE04EC0-301F-11D3-BF4B-00C04F79EFBC}") = "NextPlayerUWP", "NextPlayerUWP\NextPlayerUWP.csproj", "{D74D0E71-67FB-4BC2-A32C-CF10A3D493F8}"
EndProject
Project("{FAE04EC0-301F-11D3-BF4B-00C04F79EFBC}") = "NextPlayerUWPDataLayer", "NextPlayerUWPDataLayer\NextPlayerUWPDataLayer.csproj", "{25899887-6252-4635-84B5-0C54C736F0FB}"
EndProject
Project("{FAE04EC0-301F-11D3-BF4B-00C04F79EFBC}") = "ScrobblerBG", "ScrobblerBG\ScrobblerBG.csproj", "{C02FC104-10F6-4388-8072-C8390D990281}"
EndProject
Project("{FAE04EC0-301F-11D3-BF4B-00C04F79EFBC}") = "Template10 (Library)", "Template10\Template10 (Library).csproj", "{AC3E4F10-6615-4E16-BB0F-104760C92B95}"
EndProject
Global
	GlobalSection(SolutionConfigurationPlatforms) = preSolution
		Debug|Any CPU = Debug|Any CPU
		Debug|ARM = Debug|ARM
		Debug|x64 = Debug|x64
		Debug|x86 = Debug|x86
		Release Debug|Any CPU = Release Debug|Any CPU
		Release Debug|ARM = Release Debug|ARM
		Release Debug|x64 = Release Debug|x64
		Release Debug|x86 = Release Debug|x86
		Release|Any CPU = Release|Any CPU
		Release|ARM = Release|ARM
		Release|x64 = Release|x64
		Release|x86 = Release|x86
	EndGlobalSection
	GlobalSection(ProjectConfigurationPlatforms) = postSolution
		{D74D0E71-67FB-4BC2-A32C-CF10A3D493F8}.Debug|Any CPU.ActiveCfg = Debug|x86
		{D74D0E71-67FB-4BC2-A32C-CF10A3D493F8}.Debug|ARM.ActiveCfg = Debug|ARM
		{D74D0E71-67FB-4BC2-A32C-CF10A3D493F8}.Debug|ARM.Build.0 = Debug|ARM
		{D74D0E71-67FB-4BC2-A32C-CF10A3D493F8}.Debug|ARM.Deploy.0 = Debug|ARM
		{D74D0E71-67FB-4BC2-A32C-CF10A3D493F8}.Debug|x64.ActiveCfg = Debug|x64
		{D74D0E71-67FB-4BC2-A32C-CF10A3D493F8}.Debug|x64.Build.0 = Debug|x64
		{D74D0E71-67FB-4BC2-A32C-CF10A3D493F8}.Debug|x64.Deploy.0 = Debug|x64
		{D74D0E71-67FB-4BC2-A32C-CF10A3D493F8}.Debug|x86.ActiveCfg = Debug|x86
		{D74D0E71-67FB-4BC2-A32C-CF10A3D493F8}.Debug|x86.Build.0 = Debug|x86
		{D74D0E71-67FB-4BC2-A32C-CF10A3D493F8}.Debug|x86.Deploy.0 = Debug|x86
		{D74D0E71-67FB-4BC2-A32C-CF10A3D493F8}.Release Debug|Any CPU.ActiveCfg = Release Debug|x86
		{D74D0E71-67FB-4BC2-A32C-CF10A3D493F8}.Release Debug|ARM.ActiveCfg = Debug .NET Native|ARM
		{D74D0E71-67FB-4BC2-A32C-CF10A3D493F8}.Release Debug|ARM.Build.0 = Debug .NET Native|ARM
		{D74D0E71-67FB-4BC2-A32C-CF10A3D493F8}.Release Debug|ARM.Deploy.0 = Debug .NET Native|ARM
		{D74D0E71-67FB-4BC2-A32C-CF10A3D493F8}.Release Debug|x64.ActiveCfg = Debug .NET Native|x64
		{D74D0E71-67FB-4BC2-A32C-CF10A3D493F8}.Release Debug|x64.Build.0 = Debug .NET Native|x64
		{D74D0E71-67FB-4BC2-A32C-CF10A3D493F8}.Release Debug|x64.Deploy.0 = Debug .NET Native|x64
		{D74D0E71-67FB-4BC2-A32C-CF10A3D493F8}.Release Debug|x86.ActiveCfg = Debug .NET Native|x86
		{D74D0E71-67FB-4BC2-A32C-CF10A3D493F8}.Release Debug|x86.Build.0 = Debug .NET Native|x86
		{D74D0E71-67FB-4BC2-A32C-CF10A3D493F8}.Release Debug|x86.Deploy.0 = Debug .NET Native|x86
		{D74D0E71-67FB-4BC2-A32C-CF10A3D493F8}.Release|Any CPU.ActiveCfg = Release|x86
		{D74D0E71-67FB-4BC2-A32C-CF10A3D493F8}.Release|ARM.ActiveCfg = Release|ARM
		{D74D0E71-67FB-4BC2-A32C-CF10A3D493F8}.Release|ARM.Build.0 = Release|ARM
		{D74D0E71-67FB-4BC2-A32C-CF10A3D493F8}.Release|ARM.Deploy.0 = Release|ARM
		{D74D0E71-67FB-4BC2-A32C-CF10A3D493F8}.Release|x64.ActiveCfg = Release|x64
		{D74D0E71-67FB-4BC2-A32C-CF10A3D493F8}.Release|x64.Build.0 = Release|x64
		{D74D0E71-67FB-4BC2-A32C-CF10A3D493F8}.Release|x64.Deploy.0 = Release|x64
		{D74D0E71-67FB-4BC2-A32C-CF10A3D493F8}.Release|x86.ActiveCfg = Release|x86
		{D74D0E71-67FB-4BC2-A32C-CF10A3D493F8}.Release|x86.Build.0 = Release|x86
		{D74D0E71-67FB-4BC2-A32C-CF10A3D493F8}.Release|x86.Deploy.0 = Release|x86
		{25899887-6252-4635-84B5-0C54C736F0FB}.Debug|Any CPU.ActiveCfg = Debug|x86
		{25899887-6252-4635-84B5-0C54C736F0FB}.Debug|ARM.ActiveCfg = Debug|ARM
		{25899887-6252-4635-84B5-0C54C736F0FB}.Debug|ARM.Build.0 = Debug|ARM
		{25899887-6252-4635-84B5-0C54C736F0FB}.Debug|x64.ActiveCfg = Debug|x64
		{25899887-6252-4635-84B5-0C54C736F0FB}.Debug|x64.Build.0 = Debug|x64
		{25899887-6252-4635-84B5-0C54C736F0FB}.Debug|x86.ActiveCfg = Debug|x86
		{25899887-6252-4635-84B5-0C54C736F0FB}.Debug|x86.Build.0 = Debug|x86
		{25899887-6252-4635-84B5-0C54C736F0FB}.Release Debug|Any CPU.ActiveCfg = Release Debug|Any CPU
		{25899887-6252-4635-84B5-0C54C736F0FB}.Release Debug|Any CPU.Build.0 = Release Debug|Any CPU
		{25899887-6252-4635-84B5-0C54C736F0FB}.Release Debug|ARM.ActiveCfg = Debug .NET Native|ARM
		{25899887-6252-4635-84B5-0C54C736F0FB}.Release Debug|ARM.Build.0 = Debug .NET Native|ARM
		{25899887-6252-4635-84B5-0C54C736F0FB}.Release Debug|x64.ActiveCfg = Debug .NET Native|x64
		{25899887-6252-4635-84B5-0C54C736F0FB}.Release Debug|x64.Build.0 = Debug .NET Native|x64
		{25899887-6252-4635-84B5-0C54C736F0FB}.Release Debug|x86.ActiveCfg = Debug .NET Native|x86
		{25899887-6252-4635-84B5-0C54C736F0FB}.Release Debug|x86.Build.0 = Debug .NET Native|x86
		{25899887-6252-4635-84B5-0C54C736F0FB}.Release|Any CPU.ActiveCfg = Release|x86
		{25899887-6252-4635-84B5-0C54C736F0FB}.Release|ARM.ActiveCfg = Release|ARM
		{25899887-6252-4635-84B5-0C54C736F0FB}.Release|ARM.Build.0 = Release|ARM
		{25899887-6252-4635-84B5-0C54C736F0FB}.Release|x64.ActiveCfg = Release|x64
		{25899887-6252-4635-84B5-0C54C736F0FB}.Release|x64.Build.0 = Release|x64
		{25899887-6252-4635-84B5-0C54C736F0FB}.Release|x86.ActiveCfg = Release|x86
		{25899887-6252-4635-84B5-0C54C736F0FB}.Release|x86.Build.0 = Release|x86
		{C02FC104-10F6-4388-8072-C8390D990281}.Debug|Any CPU.ActiveCfg = Debug|Any CPU
		{C02FC104-10F6-4388-8072-C8390D990281}.Debug|Any CPU.Build.0 = Debug|Any CPU
		{C02FC104-10F6-4388-8072-C8390D990281}.Debug|ARM.ActiveCfg = Debug|ARM
		{C02FC104-10F6-4388-8072-C8390D990281}.Debug|ARM.Build.0 = Debug|ARM
		{C02FC104-10F6-4388-8072-C8390D990281}.Debug|x64.ActiveCfg = Debug|x64
		{C02FC104-10F6-4388-8072-C8390D990281}.Debug|x64.Build.0 = Debug|x64
		{C02FC104-10F6-4388-8072-C8390D990281}.Debug|x86.ActiveCfg = Debug|x86
		{C02FC104-10F6-4388-8072-C8390D990281}.Debug|x86.Build.0 = Debug|x86
		{C02FC104-10F6-4388-8072-C8390D990281}.Release Debug|Any CPU.ActiveCfg = Release Debug|Any CPU
		{C02FC104-10F6-4388-8072-C8390D990281}.Release Debug|Any CPU.Build.0 = Release Debug|Any CPU
		{C02FC104-10F6-4388-8072-C8390D990281}.Release Debug|ARM.ActiveCfg = Release|ARM
		{C02FC104-10F6-4388-8072-C8390D990281}.Release Debug|ARM.Build.0 = Release|ARM
		{C02FC104-10F6-4388-8072-C8390D990281}.Release Debug|x64.ActiveCfg = Release|x64
		{C02FC104-10F6-4388-8072-C8390D990281}.Release Debug|x64.Build.0 = Release|x64
		{C02FC104-10F6-4388-8072-C8390D990281}.Release Debug|x86.ActiveCfg = Release|x86
		{C02FC104-10F6-4388-8072-C8390D990281}.Release Debug|x86.Build.0 = Release|x86
		{C02FC104-10F6-4388-8072-C8390D990281}.Release|Any CPU.ActiveCfg = Release|Any CPU
		{C02FC104-10F6-4388-8072-C8390D990281}.Release|Any CPU.Build.0 = Release|Any CPU
		{C02FC104-10F6-4388-8072-C8390D990281}.Release|ARM.ActiveCfg = Release|ARM
		{C02FC104-10F6-4388-8072-C8390D990281}.Release|ARM.Build.0 = Release|ARM
		{C02FC104-10F6-4388-8072-C8390D990281}.Release|x64.ActiveCfg = Release|x64
		{C02FC104-10F6-4388-8072-C8390D990281}.Release|x64.Build.0 = Release|x64
		{C02FC104-10F6-4388-8072-C8390D990281}.Release|x86.ActiveCfg = Release|x86
		{C02FC104-10F6-4388-8072-C8390D990281}.Release|x86.Build.0 = Release|x86
		{AC3E4F10-6615-4E16-BB0F-104760C92B95}.Debug|Any CPU.ActiveCfg = Debug|Any CPU
		{AC3E4F10-6615-4E16-BB0F-104760C92B95}.Debug|Any CPU.Build.0 = Debug|Any CPU
		{AC3E4F10-6615-4E16-BB0F-104760C92B95}.Debug|ARM.ActiveCfg = Debug|ARM
		{AC3E4F10-6615-4E16-BB0F-104760C92B95}.Debug|ARM.Build.0 = Debug|ARM
		{AC3E4F10-6615-4E16-BB0F-104760C92B95}.Debug|x64.ActiveCfg = Debug|x64
		{AC3E4F10-6615-4E16-BB0F-104760C92B95}.Debug|x64.Build.0 = Debug|x64
		{AC3E4F10-6615-4E16-BB0F-104760C92B95}.Debug|x86.ActiveCfg = Debug|x86
		{AC3E4F10-6615-4E16-BB0F-104760C92B95}.Debug|x86.Build.0 = Debug|x86
		{AC3E4F10-6615-4E16-BB0F-104760C92B95}.Release Debug|Any CPU.ActiveCfg = Release|Any CPU
		{AC3E4F10-6615-4E16-BB0F-104760C92B95}.Release Debug|Any CPU.Build.0 = Release|Any CPU
		{AC3E4F10-6615-4E16-BB0F-104760C92B95}.Release Debug|ARM.ActiveCfg = Release|ARM
		{AC3E4F10-6615-4E16-BB0F-104760C92B95}.Release Debug|ARM.Build.0 = Release|ARM
		{AC3E4F10-6615-4E16-BB0F-104760C92B95}.Release Debug|x64.ActiveCfg = Release|x64
		{AC3E4F10-6615-4E16-BB0F-104760C92B95}.Release Debug|x64.Build.0 = Release|x64
		{AC3E4F10-6615-4E16-BB0F-104760C92B95}.Release Debug|x86.ActiveCfg = Release|x86
		{AC3E4F10-6615-4E16-BB0F-104760C92B95}.Release Debug|x86.Build.0 = Release|x86
		{AC3E4F10-6615-4E16-BB0F-104760C92B95}.Release|Any CPU.ActiveCfg = Release|Any CPU
		{AC3E4F10-6615-4E16-BB0F-104760C92B95}.Release|Any CPU.Build.0 = Release|Any CPU
		{AC3E4F10-6615-4E16-BB0F-104760C92B95}.Release|ARM.ActiveCfg = Release|ARM
		{AC3E4F10-6615-4E16-BB0F-104760C92B95}.Release|ARM.Build.0 = Release|ARM
		{AC3E4F10-6615-4E16-BB0F-104760C92B95}.Release|x64.ActiveCfg = Release|x64
		{AC3E4F10-6615-4E16-BB0F-104760C92B95}.Release|x64.Build.0 = Release|x64
		{AC3E4F10-6615-4E16-BB0F-104760C92B95}.Release|x86.ActiveCfg = Release|x86
		{AC3E4F10-6615-4E16-BB0F-104760C92B95}.Release|x86.Build.0 = Release|x86
	EndGlobalSection
	GlobalSection(SolutionProperties) = preSolution
		HideSolutionNode = FALSE
	EndGlobalSection
	GlobalSection(ExtensibilityGlobals) = postSolution
		SolutionGuid = {FDA65A6B-6317-4918-A451-0395F45A9DF3}
	EndGlobalSection
EndGlobal
