
Microsoft Visual Studio Solution File, Format Version 12.00
# Visual Studio 14
VisualStudioVersion = 14.0.25123.0
MinimumVisualStudioVersion = 10.0.40219.1
Project("{FAE04EC0-301F-11D3-BF4B-00C04F79EFBC}") = "NextPlayerUWP", "NextPlayerUWP\NextPlayerUWP.csproj", "{D74D0E71-67FB-4BC2-A32C-CF10A3D493F8}"
EndProject
Project("{FAE04EC0-301F-11D3-BF4B-00C04F79EFBC}") = "NextPlayerUWPDataLayer", "NextPlayerUWPDataLayer\NextPlayerUWPDataLayer.csproj", "{25899887-6252-4635-84B5-0C54C736F0FB}"
EndProject
Project("{FAE04EC0-301F-11D3-BF4B-00C04F79EFBC}") = "NextPlayerUWPBackgroundAudioPlayer", "NextPlayerUWPBackgroundAudioPlayer\NextPlayerUWPBackgroundAudioPlayer.csproj", "{DAACA509-1AF5-476C-BED0-AB945229FC53}"
EndProject
Project("{FAE04EC0-301F-11D3-BF4B-00C04F79EFBC}") = "ScrobblerBG", "ScrobblerBG\ScrobblerBG.csproj", "{C02FC104-10F6-4388-8072-C8390D990281}"
EndProject
Project("{FAE04EC0-301F-11D3-BF4B-00C04F79EFBC}") = "Template10 (Library)", "..\..\..\..\Documents\T10\2307\Template10 (Library).csproj", "{AC3E4F10-6615-4E16-BB0F-104760C92B95}"
EndProject
Global
	GlobalSection(SolutionConfigurationPlatforms) = preSolution
		Debug|Any CPU = Debug|Any CPU
		Debug|ARM = Debug|ARM
		Debug|x64 = Debug|x64
		Debug|x86 = Debug|x86
		Release Debug|Any CPU = Release Debug|Any CPU
		Release Debug|ARM = Release Debug|ARM
		Release Debug|x64 = Release Debug|x64
		Release Debug|x86 = Release Debug|x86
		Release|Any CPU = Release|Any CPU
		Release|ARM = Release|ARM
		Release|x64 = Release|x64
		Release|x86 = Release|x86
	EndGlobalSection
	GlobalSection(ProjectConfigurationPlatforms) = postSolution
		{D74D0E71-67FB-4BC2-A32C-CF10A3D493F8}.Debug|Any CPU.ActiveCfg = Debug|x86
		{D74D0E71-67FB-4BC2-A32C-CF10A3D493F8}.Debug|ARM.ActiveCfg = Debug|ARM
		{D74D0E71-67FB-4BC2-A32C-CF10A3D493F8}.Debug|ARM.Build.0 = Debug|ARM
		{D74D0E71-67FB-4BC2-A32C-CF10A3D493F8}.Debug|ARM.Deploy.0 = Debug|ARM
		{D74D0E71-67FB-4BC2-A32C-CF10A3D493F8}.Debug|x64.ActiveCfg = Debug|x64
		{D74D0E71-67FB-4BC2-A32C-CF10A3D493F8}.Debug|x64.Build.0 = Debug|x64
		{D74D0E71-67FB-4BC2-A32C-CF10A3D493F8}.Debug|x64.Deploy.0 = Debug|x64
		{D74D0E71-67FB-4BC2-A32C-CF10A3D493F8}.Debug|x86.ActiveCfg = Debug|x86
		{D74D0E71-67FB-4BC2-A32C-CF10A3D493F8}.Debug|x86.Build.0 = Debug|x86
		{D74D0E71-67FB-4BC2-A32C-CF10A3D493F8}.Debug|x86.Deploy.0 = Debug|x86
		{D74D0E71-67FB-4BC2-A32C-CF10A3D493F8}.Release Debug|Any CPU.ActiveCfg = Release Debug|x86
		{D74D0E71-67FB-4BC2-A32C-CF10A3D493F8}.Release Debug|ARM.ActiveCfg = Release Debug|ARM
		{D74D0E71-67FB-4BC2-A32C-CF10A3D493F8}.Release Debug|ARM.Build.0 = Release Debug|ARM
		{D74D0E71-67FB-4BC2-A32C-CF10A3D493F8}.Release Debug|ARM.Deploy.0 = Release Debug|ARM
		{D74D0E71-67FB-4BC2-A32C-CF10A3D493F8}.Release Debug|x64.ActiveCfg = Release Debug|x64
		{D74D0E71-67FB-4BC2-A32C-CF10A3D493F8}.Release Debug|x64.Build.0 = Release Debug|x64
		{D74D0E71-67FB-4BC2-A32C-CF10A3D493F8}.Release Debug|x64.Deploy.0 = Release Debug|x64
		{D74D0E71-67FB-4BC2-A32C-CF10A3D493F8}.Release Debug|x86.ActiveCfg = Debug .NET Native|x86
		{D74D0E71-67FB-4BC2-A32C-CF10A3D493F8}.Release Debug|x86.Build.0 = Debug .NET Native|x86
		{D74D0E71-67FB-4BC2-A32C-CF10A3D493F8}.Release Debug|x86.Deploy.0 = Debug .NET Native|x86
		{D74D0E71-67FB-4BC2-A32C-CF10A3D493F8}.Release|Any CPU.ActiveCfg = Release|x86
		{D74D0E71-67FB-4BC2-A32C-CF10A3D493F8}.Release|ARM.ActiveCfg = Release|ARM
		{D74D0E71-67FB-4BC2-A32C-CF10A3D493F8}.Release|ARM.Build.0 = Release|ARM
		{D74D0E71-67FB-4BC2-A32C-CF10A3D493F8}.Release|ARM.Deploy.0 = Release|ARM
		{D74D0E71-67FB-4BC2-A32C-CF10A3D493F8}.Release|x64.ActiveCfg = Release|x64
		{D74D0E71-67FB-4BC2-A32C-CF10A3D493F8}.Release|x64.Build.0 = Release|x64
		{D74D0E71-67FB-4BC2-A32C-CF10A3D493F8}.Release|x64.Deploy.0 = Release|x64
		{D74D0E71-67FB-4BC2-A32C-CF10A3D493F8}.Release|x86.ActiveCfg = Release|x86
		{D74D0E71-67FB-4BC2-A32C-CF10A3D493F8}.Release|x86.Build.0 = Release|x86
		{D74D0E71-67FB-4BC2-A32C-CF10A3D493F8}.Release|x86.Deploy.0 = Release|x86
		{25899887-6252-4635-84B5-0C54C736F0FB}.Debug|Any CPU.ActiveCfg = Debug|x86
		{25899887-6252-4635-84B5-0C54C736F0FB}.Debug|ARM.ActiveCfg = Debug|ARM
		{25899887-6252-4635-84B5-0C54C736F0FB}.Debug|ARM.Build.0 = Debug|ARM
		{25899887-6252-4635-84B5-0C54C736F0FB}.Debug|x64.ActiveCfg = Debug|x64
		{25899887-6252-4635-84B5-0C54C736F0FB}.Debug|x64.Build.0 = Debug|x64
		{25899887-6252-4635-84B5-0C54C736F0FB}.Debug|x86.ActiveCfg = Debug|x86
		{25899887-6252-4635-84B5-0C54C736F0FB}.Debug|x86.Build.0 = Debug|x86
		{25899887-6252-4635-84B5-0C54C736F0FB}.Release Debug|Any CPU.ActiveCfg = Release Debug|Any CPU
		{25899887-6252-4635-84B5-0C54C736F0FB}.Release Debug|Any CPU.Build.0 = Release Debug|Any CPU
		{25899887-6252-4635-84B5-0C54C736F0FB}.Release Debug|ARM.ActiveCfg = Release Debug|ARM
		{25899887-6252-4635-84B5-0C54C736F0FB}.Release Debug|ARM.Build.0 = Release Debug|ARM
		{25899887-6252-4635-84B5-0C54C736F0FB}.Release Debug|x64.ActiveCfg = Release Debug|x64
		{25899887-6252-4635-84B5-0C54C736F0FB}.Release Debug|x64.Build.0 = Release Debug|x64
		{25899887-6252-4635-84B5-0C54C736F0FB}.Release Debug|x86.ActiveCfg = Debug .NET Native|x86
		{25899887-6252-4635-84B5-0C54C736F0FB}.Release Debug|x86.Build.0 = Debug .NET Native|x86
		{25899887-6252-4635-84B5-0C54C736F0FB}.Release|Any CPU.ActiveCfg = Release|x86
		{25899887-6252-4635-84B5-0C54C736F0FB}.Release|ARM.ActiveCfg = Release|ARM
		{25899887-6252-4635-84B5-0C54C736F0FB}.Release|ARM.Build.0 = Release|ARM
		{25899887-6252-4635-84B5-0C54C736F0FB}.Release|x64.ActiveCfg = Release|x64
		{25899887-6252-4635-84B5-0C54C736F0FB}.Release|x64.Build.0 = Release|x64
		{25899887-6252-4635-84B5-0C54C736F0FB}.Release|x86.ActiveCfg = Release|x86
		{25899887-6252-4635-84B5-0C54C736F0FB}.Release|x86.Build.0 = Release|x86
		{DAACA509-1AF5-476C-BED0-AB945229FC53}.Debug|Any CPU.ActiveCfg = Debug|x86
		{DAACA509-1AF5-476C-BED0-AB945229FC53}.Debug|ARM.ActiveCfg = Debug|ARM
		{DAACA509-1AF5-476C-BED0-AB945229FC53}.Debug|ARM.Build.0 = Debug|ARM
		{DAACA509-1AF5-476C-BED0-AB945229FC53}.Debug|x64.ActiveCfg = Debug|x64
		{DAACA509-1AF5-476C-BED0-AB945229FC53}.Debug|x64.Build.0 = Debug|x64
		{DAACA509-1AF5-476C-BED0-AB945229FC53}.Debug|x86.ActiveCfg = Debug|x86
		{DAACA509-1AF5-476C-BED0-AB945229FC53}.Debug|x86.Build.0 = Debug|x86
		{DAACA509-1AF5-476C-BED0-AB945229FC53}.Release Debug|Any CPU.ActiveCfg = Release Debug|Any CPU
		{DAACA509-1AF5-476C-BED0-AB945229FC53}.Release Debug|Any CPU.Build.0 = Release Debug|Any CPU
		{DAACA509-1AF5-476C-BED0-AB945229FC53}.Release Debug|ARM.ActiveCfg = Release Debug|ARM
		{DAACA509-1AF5-476C-BED0-AB945229FC53}.Release Debug|ARM.Build.0 = Release Debug|ARM
		{DAACA509-1AF5-476C-BED0-AB945229FC53}.Release Debug|x64.ActiveCfg = Release Debug|x64
		{DAACA509-1AF5-476C-BED0-AB945229FC53}.Release Debug|x64.Build.0 = Release Debug|x64
		{DAACA509-1AF5-476C-BED0-AB945229FC53}.Release Debug|x86.ActiveCfg = Release Debug|x86
		{DAACA509-1AF5-476C-BED0-AB945229FC53}.Release Debug|x86.Build.0 = Release Debug|x86
		{DAACA509-1AF5-476C-BED0-AB945229FC53}.Release|Any CPU.ActiveCfg = Release|x86
		{DAACA509-1AF5-476C-BED0-AB945229FC53}.Release|ARM.ActiveCfg = Release|ARM
		{DAACA509-1AF5-476C-BED0-AB945229FC53}.Release|ARM.Build.0 = Release|ARM
		{DAACA509-1AF5-476C-BED0-AB945229FC53}.Release|x64.ActiveCfg = Release|x64
		{DAACA509-1AF5-476C-BED0-AB945229FC53}.Release|x64.Build.0 = Release|x64
		{DAACA509-1AF5-476C-BED0-AB945229FC53}.Release|x86.ActiveCfg = Release|x86
		{DAACA509-1AF5-476C-BED0-AB945229FC53}.Release|x86.Build.0 = Release|x86
		{C02FC104-10F6-4388-8072-C8390D990281}.Debug|Any CPU.ActiveCfg = Debug|Any CPU
		{C02FC104-10F6-4388-8072-C8390D990281}.Debug|Any CPU.Build.0 = Debug|Any CPU
		{C02FC104-10F6-4388-8072-C8390D990281}.Debug|ARM.ActiveCfg = Debug|ARM
		{C02FC104-10F6-4388-8072-C8390D990281}.Debug|ARM.Build.0 = Debug|ARM
		{C02FC104-10F6-4388-8072-C8390D990281}.Debug|x64.ActiveCfg = Debug|x64
		{C02FC104-10F6-4388-8072-C8390D990281}.Debug|x64.Build.0 = Debug|x64
		{C02FC104-10F6-4388-8072-C8390D990281}.Debug|x86.ActiveCfg = Debug|x86
		{C02FC104-10F6-4388-8072-C8390D990281}.Debug|x86.Build.0 = Debug|x86
		{C02FC104-10F6-4388-8072-C8390D990281}.Release Debug|Any CPU.ActiveCfg = Release Debug|Any CPU
		{C02FC104-10F6-4388-8072-C8390D990281}.Release Debug|Any CPU.Build.0 = Release Debug|Any CPU
		{C02FC104-10F6-4388-8072-C8390D990281}.Release Debug|ARM.ActiveCfg = Release Debug|ARM
		{C02FC104-10F6-4388-8072-C8390D990281}.Release Debug|ARM.Build.0 = Release Debug|ARM
		{C02FC104-10F6-4388-8072-C8390D990281}.Release Debug|x64.ActiveCfg = Release Debug|x64
		{C02FC104-10F6-4388-8072-C8390D990281}.Release Debug|x64.Build.0 = Release Debug|x64
		{C02FC104-10F6-4388-8072-C8390D990281}.Release Debug|x86.ActiveCfg = Release Debug|x86
		{C02FC104-10F6-4388-8072-C8390D990281}.Release Debug|x86.Build.0 = Release Debug|x86
		{C02FC104-10F6-4388-8072-C8390D990281}.Release|Any CPU.ActiveCfg = Release|Any CPU
		{C02FC104-10F6-4388-8072-C8390D990281}.Release|Any CPU.Build.0 = Release|Any CPU
		{C02FC104-10F6-4388-8072-C8390D990281}.Release|ARM.ActiveCfg = Release|ARM
		{C02FC104-10F6-4388-8072-C8390D990281}.Release|ARM.Build.0 = Release|ARM
		{C02FC104-10F6-4388-8072-C8390D990281}.Release|x64.ActiveCfg = Release|x64
		{C02FC104-10F6-4388-8072-C8390D990281}.Release|x64.Build.0 = Release|x64
		{C02FC104-10F6-4388-8072-C8390D990281}.Release|x86.ActiveCfg = Release|x86
		{C02FC104-10F6-4388-8072-C8390D990281}.Release|x86.Build.0 = Release|x86
		{AC3E4F10-6615-4E16-BB0F-104760C92B95}.Debug|Any CPU.ActiveCfg = Debug|Any CPU
		{AC3E4F10-6615-4E16-BB0F-104760C92B95}.Debug|Any CPU.Build.0 = Debug|Any CPU
		{AC3E4F10-6615-4E16-BB0F-104760C92B95}.Debug|ARM.ActiveCfg = Debug|ARM
		{AC3E4F10-6615-4E16-BB0F-104760C92B95}.Debug|ARM.Build.0 = Debug|ARM
		{AC3E4F10-6615-4E16-BB0F-104760C92B95}.Debug|x64.ActiveCfg = Debug|x64
		{AC3E4F10-6615-4E16-BB0F-104760C92B95}.Debug|x64.Build.0 = Debug|x64
		{AC3E4F10-6615-4E16-BB0F-104760C92B95}.Debug|x86.ActiveCfg = Debug|x86
		{AC3E4F10-6615-4E16-BB0F-104760C92B95}.Debug|x86.Build.0 = Debug|x86
		{AC3E4F10-6615-4E16-BB0F-104760C92B95}.Release Debug|Any CPU.ActiveCfg = Release|Any CPU
		{AC3E4F10-6615-4E16-BB0F-104760C92B95}.Release Debug|Any CPU.Build.0 = Release|Any CPU
		{AC3E4F10-6615-4E16-BB0F-104760C92B95}.Release Debug|ARM.ActiveCfg = Release|ARM
		{AC3E4F10-6615-4E16-BB0F-104760C92B95}.Release Debug|ARM.Build.0 = Release|ARM
		{AC3E4F10-6615-4E16-BB0F-104760C92B95}.Release Debug|x64.ActiveCfg = Release|x64
		{AC3E4F10-6615-4E16-BB0F-104760C92B95}.Release Debug|x64.Build.0 = Release|x64
		{AC3E4F10-6615-4E16-BB0F-104760C92B95}.Release Debug|x86.ActiveCfg = Release|x86
		{AC3E4F10-6615-4E16-BB0F-104760C92B95}.Release Debug|x86.Build.0 = Release|x86
		{AC3E4F10-6615-4E16-BB0F-104760C92B95}.Release|Any CPU.ActiveCfg = Release|Any CPU
		{AC3E4F10-6615-4E16-BB0F-104760C92B95}.Release|Any CPU.Build.0 = Release|Any CPU
		{AC3E4F10-6615-4E16-BB0F-104760C92B95}.Release|ARM.ActiveCfg = Release|ARM
		{AC3E4F10-6615-4E16-BB0F-104760C92B95}.Release|ARM.Build.0 = Release|ARM
		{AC3E4F10-6615-4E16-BB0F-104760C92B95}.Release|x64.ActiveCfg = Release|x64
		{AC3E4F10-6615-4E16-BB0F-104760C92B95}.Release|x64.Build.0 = Release|x64
		{AC3E4F10-6615-4E16-BB0F-104760C92B95}.Release|x86.ActiveCfg = Release|x86
		{AC3E4F10-6615-4E16-BB0F-104760C92B95}.Release|x86.Build.0 = Release|x86
	EndGlobalSection
	GlobalSection(SolutionProperties) = preSolution
		HideSolutionNode = FALSE
	EndGlobalSection
	GlobalSection(TeamFoundationVersionControl) = preSolution
		SccNumberOfProjects = 5
		SccEnterpriseProvider = {4CA58AB2-18FA-4F8D-95D4-32DDF27D184C}
		SccTeamFoundationServer = https://tomasz-walecki.visualstudio.com/defaultcollection
		SccLocalPath0 = .
		SccProjectUniqueName1 = NextPlayerUWP\\NextPlayerUWP.csproj
		SccProjectName1 = NextPlayerUWP
		SccLocalPath1 = NextPlayerUWP
		SccProjectUniqueName2 = NextPlayerUWPDataLayer\\NextPlayerUWPDataLayer.csproj
		SccProjectName2 = NextPlayerUWPDataLayer
		SccLocalPath2 = NextPlayerUWPDataLayer
		SccProjectUniqueName3 = NextPlayerUWPBackgroundAudioPlayer\\NextPlayerUWPBackgroundAudioPlayer.csproj
		SccProjectName3 = NextPlayerUWPBackgroundAudioPlayer
		SccLocalPath3 = NextPlayerUWPBackgroundAudioPlayer
		SccProjectUniqueName4 = ScrobblerBG\\ScrobblerBG.csproj
		SccProjectName4 = ScrobblerBG
		SccLocalPath4 = ScrobblerBG
	EndGlobalSection
EndGlobal
